
Microsoft Visual Studio Solution File, Format Version 11.00
# Visual Studio 2010
Project("{FAE04EC0-301F-11D3-BF4B-00C04F79EFBC}") = "UsoDeTryparse", "UsoDeTryparse\UsoDeTryparse.csproj", "{A9E32529-6E78-47E3-8E70-1B56FAEECD3E}"
EndProject
Global
	GlobalSection(SolutionConfigurationPlatforms) = preSolution
		Debug|x86 = Debug|x86
		Release|x86 = Release|x86
	EndGlobalSection
	GlobalSection(ProjectConfigurationPlatforms) = postSolution
		{A9E32529-6E78-47E3-8E70-1B56FAEECD3E}.Debug|x86.ActiveCfg = Debug|x86
		{A9E32529-6E78-47E3-8E70-1B56FAEECD3E}.Debug|x86.Build.0 = Debug|x86
		{A9E32529-6E78-47E3-8E70-1B56FAEECD3E}.Release|x86.ActiveCfg = Release|x86
		{A9E32529-6E78-47E3-8E70-1B56FAEECD3E}.Release|x86.Build.0 = Release|x86
	EndGlobalSection
	GlobalSection(SolutionProperties) = preSolution
		HideSolutionNode = FALSE
	EndGlobalSection
EndGlobal
